
Microsoft Visual Studio Solution File, Format Version 12.00
# Visual Studio Version 17
VisualStudioVersion = 17.8.34330.188
MinimumVisualStudioVersion = 10.0.40219.1
Project("{FAE04EC0-301F-11D3-BF4B-00C04F79EFBC}") = "EArsivPortal", "EArsivPortal\EArsivPortal.csproj", "{4E06A082-64C6-4C08-8E6E-8CB52AD9F847}"
EndProject
Global
	GlobalSection(SolutionConfigurationPlatforms) = preSolution
		Debug|Any CPU = Debug|Any CPU
		Release|Any CPU = Release|Any CPU
	EndGlobalSection
	GlobalSection(ProjectConfigurationPlatforms) = postSolution
		{4E06A082-64C6-4C08-8E6E-8CB52AD9F847}.Debug|Any CPU.ActiveCfg = Debug|Any CPU
		{4E06A082-64C6-4C08-8E6E-8CB52AD9F847}.Debug|Any CPU.Build.0 = Debug|Any CPU
		{4E06A082-64C6-4C08-8E6E-8CB52AD9F847}.Release|Any CPU.ActiveCfg = Release|Any CPU
		{4E06A082-64C6-4C08-8E6E-8CB52AD9F847}.Release|Any CPU.Build.0 = Release|Any CPU
	EndGlobalSection
	GlobalSection(SolutionProperties) = preSolution
		HideSolutionNode = FALSE
	EndGlobalSection
	GlobalSection(ExtensibilityGlobals) = postSolution
		SolutionGuid = {77C7CBEC-03C3-447D-A26A-E8A2F49B7610}
	EndGlobalSection
EndGlobal
